
Microsoft Visual Studio Solution File, Format Version 12.00
# Visual Studio Version 16
VisualStudioVersion = 16.0.30907.101
MinimumVisualStudioVersion = 10.0.40219.1
Project("{FAE04EC0-301F-11D3-BF4B-00C04F79EFBC}") = "mathApp", "mathApp.csproj", "{32F5EA89-882C-461F-AE1C-226FA6C8BAEB}"
EndProject
Global
	GlobalSection(SolutionConfigurationPlatforms) = preSolution
		Debug|Any CPU = Debug|Any CPU
		Release|Any CPU = Release|Any CPU
	EndGlobalSection
	GlobalSection(ProjectConfigurationPlatforms) = postSolution
		{32F5EA89-882C-461F-AE1C-226FA6C8BAEB}.Debug|Any CPU.ActiveCfg = Debug|Any CPU
		{32F5EA89-882C-461F-AE1C-226FA6C8BAEB}.Debug|Any CPU.Build.0 = Debug|Any CPU
		{32F5EA89-882C-461F-AE1C-226FA6C8BAEB}.Release|Any CPU.ActiveCfg = Release|Any CPU
		{32F5EA89-882C-461F-AE1C-226FA6C8BAEB}.Release|Any CPU.Build.0 = Release|Any CPU
	EndGlobalSection
	GlobalSection(SolutionProperties) = preSolution
		HideSolutionNode = FALSE
	EndGlobalSection
	GlobalSection(ExtensibilityGlobals) = postSolution
		SolutionGuid = {F35DE143-30CD-4BCC-9120-80C216178173}
	EndGlobalSection
EndGlobal
